
Microsoft Visual Studio Solution File, Format Version 11.00
# Visual Studio 2010
Project("{FAE04EC0-301F-11D3-BF4B-00C04F79EFBC}") = "Assembly-CSharp", "Assembly-CSharp.csproj", "{4C33F8DC-5B08-4569-6E86-FE52200D1E5C}"
EndProject
Project("{FAE04EC0-301F-11D3-BF4B-00C04F79EFBC}") = "NavMeshComponents", "NavMeshComponents.csproj", "{B8B8C42A-AB5D-9BD6-9CCE-645D0F5BFE01}"
EndProject
Project("{FAE04EC0-301F-11D3-BF4B-00C04F79EFBC}") = "Assembly-CSharp-Editor", "Assembly-CSharp-Editor.csproj", "{17421210-F70A-291C-F7C9-90A5977407DE}"
EndProject
Project("{FAE04EC0-301F-11D3-BF4B-00C04F79EFBC}") = "NavMeshComponentsEditor", "NavMeshComponentsEditor.csproj", "{AC127B4A-DE2C-A9A2-3E52-C298C4939696}"
EndProject
Global
	GlobalSection(SolutionConfigurationPlatforms) = preSolution
		Debug|Any CPU = Debug|Any CPU
		Release|Any CPU = Release|Any CPU
	EndGlobalSection
	GlobalSection(ProjectConfigurationPlatforms) = postSolution
		{4C33F8DC-5B08-4569-6E86-FE52200D1E5C}.Debug|Any CPU.ActiveCfg = Debug|Any CPU
		{4C33F8DC-5B08-4569-6E86-FE52200D1E5C}.Debug|Any CPU.Build.0 = Debug|Any CPU
		{4C33F8DC-5B08-4569-6E86-FE52200D1E5C}.Release|Any CPU.ActiveCfg = Release|Any CPU
		{4C33F8DC-5B08-4569-6E86-FE52200D1E5C}.Release|Any CPU.Build.0 = Release|Any CPU
		{B8B8C42A-AB5D-9BD6-9CCE-645D0F5BFE01}.Debug|Any CPU.ActiveCfg = Debug|Any CPU
		{B8B8C42A-AB5D-9BD6-9CCE-645D0F5BFE01}.Debug|Any CPU.Build.0 = Debug|Any CPU
		{B8B8C42A-AB5D-9BD6-9CCE-645D0F5BFE01}.Release|Any CPU.ActiveCfg = Release|Any CPU
		{B8B8C42A-AB5D-9BD6-9CCE-645D0F5BFE01}.Release|Any CPU.Build.0 = Release|Any CPU
		{17421210-F70A-291C-F7C9-90A5977407DE}.Debug|Any CPU.ActiveCfg = Debug|Any CPU
		{17421210-F70A-291C-F7C9-90A5977407DE}.Debug|Any CPU.Build.0 = Debug|Any CPU
		{17421210-F70A-291C-F7C9-90A5977407DE}.Release|Any CPU.ActiveCfg = Release|Any CPU
		{17421210-F70A-291C-F7C9-90A5977407DE}.Release|Any CPU.Build.0 = Release|Any CPU
		{AC127B4A-DE2C-A9A2-3E52-C298C4939696}.Debug|Any CPU.ActiveCfg = Debug|Any CPU
		{AC127B4A-DE2C-A9A2-3E52-C298C4939696}.Debug|Any CPU.Build.0 = Debug|Any CPU
		{AC127B4A-DE2C-A9A2-3E52-C298C4939696}.Release|Any CPU.ActiveCfg = Release|Any CPU
		{AC127B4A-DE2C-A9A2-3E52-C298C4939696}.Release|Any CPU.Build.0 = Release|Any CPU
	EndGlobalSection
	GlobalSection(SolutionProperties) = preSolution
		HideSolutionNode = FALSE
	EndGlobalSection
	GlobalSection(MonoDevelopProperties) = preSolution
		StartupItem = Assembly-CSharp.csproj
	EndGlobalSection
EndGlobal
